
Microsoft Visual Studio Solution File, Format Version 12.00
# Visual Studio Version 16
VisualStudioVersion = 25.0.1706.6
MinimumVisualStudioVersion = 10.0.40219.1
Project("{FAE04EC0-301F-11D3-BF4B-00C04F79EFBC}") = "OgrenciSistemi", "OgrenciSistemi\OgrenciSistemi.csproj", "{F7B5F5FA-DC4C-424A-824E-7A4D7110EAF7}"
EndProject
Global
	GlobalSection(SolutionConfigurationPlatforms) = preSolution
		Debug|Any CPU = Debug|Any CPU
		Release|Any CPU = Release|Any CPU
	EndGlobalSection
	GlobalSection(ProjectConfigurationPlatforms) = postSolution
		{F7B5F5FA-DC4C-424A-824E-7A4D7110EAF7}.Debug|Any CPU.ActiveCfg = Debug|Any CPU
		{F7B5F5FA-DC4C-424A-824E-7A4D7110EAF7}.Debug|Any CPU.Build.0 = Debug|Any CPU
		{F7B5F5FA-DC4C-424A-824E-7A4D7110EAF7}.Release|Any CPU.ActiveCfg = Release|Any CPU
		{F7B5F5FA-DC4C-424A-824E-7A4D7110EAF7}.Release|Any CPU.Build.0 = Release|Any CPU
	EndGlobalSection
	GlobalSection(SolutionProperties) = preSolution
		HideSolutionNode = FALSE
	EndGlobalSection
	GlobalSection(ExtensibilityGlobals) = postSolution
		SolutionGuid = {9D903341-4FBA-41DF-8C10-77AF5257B63B}
	EndGlobalSection
EndGlobal
